
Microsoft Visual Studio Solution File, Format Version 11.00
# Visual Studio 2010
Project("{FAE04EC0-301F-11D3-BF4B-00C04F79EFBC}") = "Assembly-CSharp", "Assembly-CSharp.csproj", "{c8a9bb28-b4de-cf3d-dcfa-4a7236070067}"
EndProject
Project("{FAE04EC0-301F-11D3-BF4B-00C04F79EFBC}") = "Assembly-CSharp-firstpass", "Assembly-CSharp-firstpass.csproj", "{daa2a7a5-5a41-2fc9-df8c-fff82149004a}"
EndProject
Project("{FAE04EC0-301F-11D3-BF4B-00C04F79EFBC}") = "Assembly-CSharp-Editor", "Assembly-CSharp-Editor.csproj", "{77adcd8c-0afd-ffb1-e73f-b9392f3c051b}"
EndProject
Project("{FAE04EC0-301F-11D3-BF4B-00C04F79EFBC}") = "ParrelSync", "ParrelSync.csproj", "{8d4b33b1-bbea-7dca-7af9-daa3a442622d}"
EndProject
Global
	GlobalSection(SolutionConfigurationPlatforms) = preSolution
		Debug|Any CPU = Debug|Any CPU
	EndGlobalSection
	GlobalSection(ProjectConfigurationPlatforms) = postSolution
		{c8a9bb28-b4de-cf3d-dcfa-4a7236070067}.Debug|Any CPU.ActiveCfg = Debug|Any CPU
		{c8a9bb28-b4de-cf3d-dcfa-4a7236070067}.Debug|Any CPU.Build.0 = Debug|Any CPU
		{daa2a7a5-5a41-2fc9-df8c-fff82149004a}.Debug|Any CPU.ActiveCfg = Debug|Any CPU
		{daa2a7a5-5a41-2fc9-df8c-fff82149004a}.Debug|Any CPU.Build.0 = Debug|Any CPU
		{77adcd8c-0afd-ffb1-e73f-b9392f3c051b}.Debug|Any CPU.ActiveCfg = Debug|Any CPU
		{77adcd8c-0afd-ffb1-e73f-b9392f3c051b}.Debug|Any CPU.Build.0 = Debug|Any CPU
		{8d4b33b1-bbea-7dca-7af9-daa3a442622d}.Debug|Any CPU.ActiveCfg = Debug|Any CPU
		{8d4b33b1-bbea-7dca-7af9-daa3a442622d}.Debug|Any CPU.Build.0 = Debug|Any CPU
	EndGlobalSection
	GlobalSection(SolutionProperties) = preSolution
		HideSolutionNode = FALSE
	EndGlobalSection
EndGlobal
